// !$*UTF8*$!
{
	archiveVersion = 1;
	classes = {
	};
	objectVersion = 48;
	objects = {

/* Begin PBXBuildFile section */
		E925A58B2051CAEA00069F61 /* drinkinfo.swift in Sources */ = {isa = PBXBuildFile; fileRef = E925A58A2051CAEA00069F61 /* drinkinfo.swift */; };
		E9CB6BE1204FA07D00AD4E97 /* AppDelegate.swift in Sources */ = {isa = PBXBuildFile; fileRef = E9CB6BE0204FA07D00AD4E97 /* AppDelegate.swift */; };
		E9CB6BE3204FA07D00AD4E97 /* FirstViewController.swift in Sources */ = {isa = PBXBuildFile; fileRef = E9CB6BE2204FA07D00AD4E97 /* FirstViewController.swift */; };
		E9CB6BE5204FA07D00AD4E97 /* SecondViewController.swift in Sources */ = {isa = PBXBuildFile; fileRef = E9CB6BE4204FA07D00AD4E97 /* SecondViewController.swift */; };
		E9CB6BE8204FA07D00AD4E97 /* Main.storyboard in Resources */ = {isa = PBXBuildFile; fileRef = E9CB6BE6204FA07D00AD4E97 /* Main.storyboard */; };
		E9CB6BEA204FA07D00AD4E97 /* Assets.xcassets in Resources */ = {isa = PBXBuildFile; fileRef = E9CB6BE9204FA07D00AD4E97 /* Assets.xcassets */; };
		E9CB6BED204FA07D00AD4E97 /* LaunchScreen.storyboard in Resources */ = {isa = PBXBuildFile; fileRef = E9CB6BEB204FA07D00AD4E97 /* LaunchScreen.storyboard */; };
		E9CB6BF8204FA07D00AD4E97 /* DrinkapediaTests.swift in Sources */ = {isa = PBXBuildFile; fileRef = E9CB6BF7204FA07D00AD4E97 /* DrinkapediaTests.swift */; };
		E9CB6C03204FA07D00AD4E97 /* DrinkapediaUITests.swift in Sources */ = {isa = PBXBuildFile; fileRef = E9CB6C02204FA07D00AD4E97 /* DrinkapediaUITests.swift */; };
		E9CB6C15204FAD9300AD4E97 /* ThirdViewController.swift in Sources */ = {isa = PBXBuildFile; fileRef = E9CB6C14204FAD9300AD4E97 /* ThirdViewController.swift */; };
		E9CB6C17204FADD100AD4E97 /* FourthViewController.swift in Sources */ = {isa = PBXBuildFile; fileRef = E9CB6C16204FADD100AD4E97 /* FourthViewController.swift */; };
		E9FB084D2054C4BA000DFC05 /* DCBorderedTextField.swift in Sources */ = {isa = PBXBuildFile; fileRef = E9FB08352054C4B9000DFC05 /* DCBorderedTextField.swift */; };
		E9FB084E2054C4BA000DFC05 /* DCMandatoryEmailTextField.swift in Sources */ = {isa = PBXBuildFile; fileRef = E9FB08362054C4B9000DFC05 /* DCMandatoryEmailTextField.swift */; };
		E9FB084F2054C4BA000DFC05 /* DCMandatoryTextField.swift in Sources */ = {isa = PBXBuildFile; fileRef = E9FB08372054C4B9000DFC05 /* DCMandatoryTextField.swift */; };
		E9FB08502054C4BA000DFC05 /* DCMandatoryNumberTextField.swift in Sources */ = {isa = PBXBuildFile; fileRef = E9FB08382054C4B9000DFC05 /* DCMandatoryNumberTextField.swift */; };
		E9FB08512054C4BA000DFC05 /* DCPickerTextField.swift in Sources */ = {isa = PBXBuildFile; fileRef = E9FB08392054C4B9000DFC05 /* DCPickerTextField.swift */; };
		E9FB08522054C4BA000DFC05 /* DCBaseTextField.swift in Sources */ = {isa = PBXBuildFile; fileRef = E9FB083A2054C4B9000DFC05 /* DCBaseTextField.swift */; };
		E9FB08532054C4BA000DFC05 /* DCBorderedButton.swift in Sources */ = {isa = PBXBuildFile; fileRef = E9FB083C2054C4B9000DFC05 /* DCBorderedButton.swift */; };
		E9FB08542054C4BA000DFC05 /* DCRoundedButton.swift in Sources */ = {isa = PBXBuildFile; fileRef = E9FB083D2054C4B9000DFC05 /* DCRoundedButton.swift */; };
		E9FB08552054C4BA000DFC05 /* DCBaseButton.swift in Sources */ = {isa = PBXBuildFile; fileRef = E9FB083E2054C4B9000DFC05 /* DCBaseButton.swift */; };
		E9FB08562054C4BA000DFC05 /* DCPlaceholderTextView.swift in Sources */ = {isa = PBXBuildFile; fileRef = E9FB08402054C4B9000DFC05 /* DCPlaceholderTextView.swift */; };
		E9FB08572054C4BA000DFC05 /* DCBaseTextView.swift in Sources */ = {isa = PBXBuildFile; fileRef = E9FB08412054C4B9000DFC05 /* DCBaseTextView.swift */; };
		E9FB08582054C4BA000DFC05 /* DCBorderedTextView.swift in Sources */ = {isa = PBXBuildFile; fileRef = E9FB08422054C4B9000DFC05 /* DCBorderedTextView.swift */; };
		E9FB08592054C4BA000DFC05 /* DCBorderedView.swift in Sources */ = {isa = PBXBuildFile; fileRef = E9FB08452054C4B9000DFC05 /* DCBorderedView.swift */; };
		E9FB085A2054C4BA000DFC05 /* DCBaseView.swift in Sources */ = {isa = PBXBuildFile; fileRef = E9FB08462054C4B9000DFC05 /* DCBaseView.swift */; };
		E9FB085B2054C4BA000DFC05 /* DCHairlineView.swift in Sources */ = {isa = PBXBuildFile; fileRef = E9FB08472054C4B9000DFC05 /* DCHairlineView.swift */; };
		E9FB085C2054C4BA000DFC05 /* DCCircleView.swift in Sources */ = {isa = PBXBuildFile; fileRef = E9FB08482054C4B9000DFC05 /* DCCircleView.swift */; };
		E9FB085D2054C4BA000DFC05 /* DCDashedBorderedView.swift in Sources */ = {isa = PBXBuildFile; fileRef = E9FB08492054C4B9000DFC05 /* DCDashedBorderedView.swift */; };
		E9FB085E2054C4BA000DFC05 /* DCBaseLabel.swift in Sources */ = {isa = PBXBuildFile; fileRef = E9FB084B2054C4B9000DFC05 /* DCBaseLabel.swift */; };
		E9FB085F2054C4BA000DFC05 /* Info.plist in Resources */ = {isa = PBXBuildFile; fileRef = E9FB084C2054C4B9000DFC05 /* Info.plist */; };
/* End PBXBuildFile section */

/* Begin PBXContainerItemProxy section */
		E9CB6BF4204FA07D00AD4E97 /* PBXContainerItemProxy */ = {
			isa = PBXContainerItemProxy;
			containerPortal = E9CB6BD5204FA07C00AD4E97 /* Project object */;
			proxyType = 1;
			remoteGlobalIDString = E9CB6BDC204FA07D00AD4E97;
			remoteInfo = Drinkapedia;
		};
		E9CB6BFF204FA07D00AD4E97 /* PBXContainerItemProxy */ = {
			isa = PBXContainerItemProxy;
			containerPortal = E9CB6BD5204FA07C00AD4E97 /* Project object */;
			proxyType = 1;
			remoteGlobalIDString = E9CB6BDC204FA07D00AD4E97;
			remoteInfo = Drinkapedia;
		};
/* End PBXContainerItemProxy section */

/* Begin PBXFileReference section */
		E925A58A2051CAEA00069F61 /* drinkinfo.swift */ = {isa = PBXFileReference; lastKnownFileType = sourcecode.swift; path = drinkinfo.swift; sourceTree = "<group>"; };
		E9CB6BDD204FA07D00AD4E97 /* Drinkapedia.app */ = {isa = PBXFileReference; explicitFileType = wrapper.application; includeInIndex = 0; path = Drinkapedia.app; sourceTree = BUILT_PRODUCTS_DIR; };
		E9CB6BE0204FA07D00AD4E97 /* AppDelegate.swift */ = {isa = PBXFileReference; lastKnownFileType = sourcecode.swift; path = AppDelegate.swift; sourceTree = "<group>"; };
		E9CB6BE2204FA07D00AD4E97 /* FirstViewController.swift */ = {isa = PBXFileReference; lastKnownFileType = sourcecode.swift; path = FirstViewController.swift; sourceTree = "<group>"; };
		E9CB6BE4204FA07D00AD4E97 /* SecondViewController.swift */ = {isa = PBXFileReference; lastKnownFileType = sourcecode.swift; path = SecondViewController.swift; sourceTree = "<group>"; };
		E9CB6BE7204FA07D00AD4E97 /* Base */ = {isa = PBXFileReference; lastKnownFileType = file.storyboard; name = Base; path = Base.lproj/Main.storyboard; sourceTree = "<group>"; };
		E9CB6BE9204FA07D00AD4E97 /* Assets.xcassets */ = {isa = PBXFileReference; lastKnownFileType = folder.assetcatalog; path = Assets.xcassets; sourceTree = "<group>"; };
		E9CB6BEC204FA07D00AD4E97 /* Base */ = {isa = PBXFileReference; lastKnownFileType = file.storyboard; name = Base; path = Base.lproj/LaunchScreen.storyboard; sourceTree = "<group>"; };
		E9CB6BEE204FA07D00AD4E97 /* Info.plist */ = {isa = PBXFileReference; lastKnownFileType = text.plist.xml; path = Info.plist; sourceTree = "<group>"; };
		E9CB6BF3204FA07D00AD4E97 /* DrinkapediaTests.xctest */ = {isa = PBXFileReference; explicitFileType = wrapper.cfbundle; includeInIndex = 0; path = DrinkapediaTests.xctest; sourceTree = BUILT_PRODUCTS_DIR; };
		E9CB6BF7204FA07D00AD4E97 /* DrinkapediaTests.swift */ = {isa = PBXFileReference; lastKnownFileType = sourcecode.swift; path = DrinkapediaTests.swift; sourceTree = "<group>"; };
		E9CB6BF9204FA07D00AD4E97 /* Info.plist */ = {isa = PBXFileReference; lastKnownFileType = text.plist.xml; path = Info.plist; sourceTree = "<group>"; };
		E9CB6BFE204FA07D00AD4E97 /* DrinkapediaUITests.xctest */ = {isa = PBXFileReference; explicitFileType = wrapper.cfbundle; includeInIndex = 0; path = DrinkapediaUITests.xctest; sourceTree = BUILT_PRODUCTS_DIR; };
		E9CB6C02204FA07D00AD4E97 /* DrinkapediaUITests.swift */ = {isa = PBXFileReference; lastKnownFileType = sourcecode.swift; path = DrinkapediaUITests.swift; sourceTree = "<group>"; };
		E9CB6C04204FA07D00AD4E97 /* Info.plist */ = {isa = PBXFileReference; lastKnownFileType = text.plist.xml; path = Info.plist; sourceTree = "<group>"; };
		E9CB6C14204FAD9300AD4E97 /* ThirdViewController.swift */ = {isa = PBXFileReference; lastKnownFileType = sourcecode.swift; path = ThirdViewController.swift; sourceTree = "<group>"; };
		E9CB6C16204FADD100AD4E97 /* FourthViewController.swift */ = {isa = PBXFileReference; lastKnownFileType = sourcecode.swift; path = FourthViewController.swift; sourceTree = "<group>"; };
		E9FB08352054C4B9000DFC05 /* DCBorderedTextField.swift */ = {isa = PBXFileReference; fileEncoding = 4; lastKnownFileType = sourcecode.swift; path = DCBorderedTextField.swift; sourceTree = "<group>"; };
		E9FB08362054C4B9000DFC05 /* DCMandatoryEmailTextField.swift */ = {isa = PBXFileReference; fileEncoding = 4; lastKnownFileType = sourcecode.swift; path = DCMandatoryEmailTextField.swift; sourceTree = "<group>"; };
		E9FB08372054C4B9000DFC05 /* DCMandatoryTextField.swift */ = {isa = PBXFileReference; fileEncoding = 4; lastKnownFileType = sourcecode.swift; path = DCMandatoryTextField.swift; sourceTree = "<group>"; };
		E9FB08382054C4B9000DFC05 /* DCMandatoryNumberTextField.swift */ = {isa = PBXFileReference; fileEncoding = 4; lastKnownFileType = sourcecode.swift; path = DCMandatoryNumberTextField.swift; sourceTree = "<group>"; };
		E9FB08392054C4B9000DFC05 /* DCPickerTextField.swift */ = {isa = PBXFileReference; fileEncoding = 4; lastKnownFileType = sourcecode.swift; path = DCPickerTextField.swift; sourceTree = "<group>"; };
		E9FB083A2054C4B9000DFC05 /* DCBaseTextField.swift */ = {isa = PBXFileReference; fileEncoding = 4; lastKnownFileType = sourcecode.swift; path = DCBaseTextField.swift; sourceTree = "<group>"; };
		E9FB083C2054C4B9000DFC05 /* DCBorderedButton.swift */ = {isa = PBXFileReference; fileEncoding = 4; lastKnownFileType = sourcecode.swift; path = DCBorderedButton.swift; sourceTree = "<group>"; };
		E9FB083D2054C4B9000DFC05 /* DCRoundedButton.swift */ = {isa = PBXFileReference; fileEncoding = 4; lastKnownFileType = sourcecode.swift; path = DCRoundedButton.swift; sourceTree = "<group>"; };
		E9FB083E2054C4B9000DFC05 /* DCBaseButton.swift */ = {isa = PBXFileReference; fileEncoding = 4; lastKnownFileType = sourcecode.swift; path = DCBaseButton.swift; sourceTree = "<group>"; };
		E9FB08402054C4B9000DFC05 /* DCPlaceholderTextView.swift */ = {isa = PBXFileReference; fileEncoding = 4; lastKnownFileType = sourcecode.swift; path = DCPlaceholderTextView.swift; sourceTree = "<group>"; };
		E9FB08412054C4B9000DFC05 /* DCBaseTextView.swift */ = {isa = PBXFileReference; fileEncoding = 4; lastKnownFileType = sourcecode.swift; path = DCBaseTextView.swift; sourceTree = "<group>"; };
		E9FB08422054C4B9000DFC05 /* DCBorderedTextView.swift */ = {isa = PBXFileReference; fileEncoding = 4; lastKnownFileType = sourcecode.swift; path = DCBorderedTextView.swift; sourceTree = "<group>"; };
		E9FB08432054C4B9000DFC05 /* DCKit.h */ = {isa = PBXFileReference; fileEncoding = 4; lastKnownFileType = sourcecode.c.h; path = DCKit.h; sourceTree = "<group>"; };
		E9FB08452054C4B9000DFC05 /* DCBorderedView.swift */ = {isa = PBXFileReference; fileEncoding = 4; lastKnownFileType = sourcecode.swift; path = DCBorderedView.swift; sourceTree = "<group>"; };
		E9FB08462054C4B9000DFC05 /* DCBaseView.swift */ = {isa = PBXFileReference; fileEncoding = 4; lastKnownFileType = sourcecode.swift; path = DCBaseView.swift; sourceTree = "<group>"; };
		E9FB08472054C4B9000DFC05 /* DCHairlineView.swift */ = {isa = PBXFileReference; fileEncoding = 4; lastKnownFileType = sourcecode.swift; path = DCHairlineView.swift; sourceTree = "<group>"; };
		E9FB08482054C4B9000DFC05 /* DCCircleView.swift */ = {isa = PBXFileReference; fileEncoding = 4; lastKnownFileType = sourcecode.swift; path = DCCircleView.swift; sourceTree = "<group>"; };
		E9FB08492054C4B9000DFC05 /* DCDashedBorderedView.swift */ = {isa = PBXFileReference; fileEncoding = 4; lastKnownFileType = sourcecode.swift; path = DCDashedBorderedView.swift; sourceTree = "<group>"; };
		E9FB084B2054C4B9000DFC05 /* DCBaseLabel.swift */ = {isa = PBXFileReference; fileEncoding = 4; lastKnownFileType = sourcecode.swift; path = DCBaseLabel.swift; sourceTree = "<group>"; };
		E9FB084C2054C4B9000DFC05 /* Info.plist */ = {isa = PBXFileReference; fileEncoding = 4; lastKnownFileType = text.plist.xml; path = Info.plist; sourceTree = "<group>"; };
/* End PBXFileReference section */

/* Begin PBXFrameworksBuildPhase section */
		E9CB6BDA204FA07D00AD4E97 /* Frameworks */ = {
			isa = PBXFrameworksBuildPhase;
			buildActionMask = 2147483647;
			files = (
			);
			runOnlyForDeploymentPostprocessing = 0;
		};
		E9CB6BF0204FA07D00AD4E97 /* Frameworks */ = {
			isa = PBXFrameworksBuildPhase;
			buildActionMask = 2147483647;
			files = (
			);
			runOnlyForDeploymentPostprocessing = 0;
		};
		E9CB6BFB204FA07D00AD4E97 /* Frameworks */ = {
			isa = PBXFrameworksBuildPhase;
			buildActionMask = 2147483647;
			files = (
			);
			runOnlyForDeploymentPostprocessing = 0;
		};
/* End PBXFrameworksBuildPhase section */

/* Begin PBXGroup section */
		E9CB6BD4204FA07C00AD4E97 = {
			isa = PBXGroup;
			children = (
				E9CB6BDF204FA07D00AD4E97 /* Drinkapedia */,
				E9CB6BF6204FA07D00AD4E97 /* DrinkapediaTests */,
				E9CB6C01204FA07D00AD4E97 /* DrinkapediaUITests */,
				E9CB6BDE204FA07D00AD4E97 /* Products */,
			);
			sourceTree = "<group>";
		};
		E9CB6BDE204FA07D00AD4E97 /* Products */ = {
			isa = PBXGroup;
			children = (
				E9CB6BDD204FA07D00AD4E97 /* Drinkapedia.app */,
				E9CB6BF3204FA07D00AD4E97 /* DrinkapediaTests.xctest */,
				E9CB6BFE204FA07D00AD4E97 /* DrinkapediaUITests.xctest */,
			);
			name = Products;
			sourceTree = "<group>";
		};
		E9CB6BDF204FA07D00AD4E97 /* Drinkapedia */ = {
			isa = PBXGroup;
			children = (
				E9FB08332054C4B9000DFC05 /* DCKit */,
				E9CB6BE0204FA07D00AD4E97 /* AppDelegate.swift */,
				E9CB6BE2204FA07D00AD4E97 /* FirstViewController.swift */,
				E9CB6BE4204FA07D00AD4E97 /* SecondViewController.swift */,
				E9CB6C14204FAD9300AD4E97 /* ThirdViewController.swift */,
				E9CB6C16204FADD100AD4E97 /* FourthViewController.swift */,
				E925A58A2051CAEA00069F61 /* drinkinfo.swift */,
				E9CB6BE6204FA07D00AD4E97 /* Main.storyboard */,
				E9CB6BE9204FA07D00AD4E97 /* Assets.xcassets */,
				E9CB6BEB204FA07D00AD4E97 /* LaunchScreen.storyboard */,
				E9CB6BEE204FA07D00AD4E97 /* Info.plist */,
			);
			path = Drinkapedia;
			sourceTree = "<group>";
		};
		E9CB6BF6204FA07D00AD4E97 /* DrinkapediaTests */ = {
			isa = PBXGroup;
			children = (
				E9CB6BF7204FA07D00AD4E97 /* DrinkapediaTests.swift */,
				E9CB6BF9204FA07D00AD4E97 /* Info.plist */,
			);
			path = DrinkapediaTests;
			sourceTree = "<group>";
		};
		E9CB6C01204FA07D00AD4E97 /* DrinkapediaUITests */ = {
			isa = PBXGroup;
			children = (
				E9CB6C02204FA07D00AD4E97 /* DrinkapediaUITests.swift */,
				E9CB6C04204FA07D00AD4E97 /* Info.plist */,
			);
			path = DrinkapediaUITests;
			sourceTree = "<group>";
		};
		E9FB08332054C4B9000DFC05 /* DCKit */ = {
			isa = PBXGroup;
			children = (
				E9FB08342054C4B9000DFC05 /* UITextFields */,
				E9FB083B2054C4B9000DFC05 /* UIButtons */,
				E9FB083F2054C4B9000DFC05 /* UITextViews */,
				E9FB08432054C4B9000DFC05 /* DCKit.h */,
				E9FB08442054C4B9000DFC05 /* UIViews */,
				E9FB084A2054C4B9000DFC05 /* UILabels */,
				E9FB084C2054C4B9000DFC05 /* Info.plist */,
			);
			path = DCKit;
			sourceTree = "<group>";
		};
		E9FB08342054C4B9000DFC05 /* UITextFields */ = {
			isa = PBXGroup;
			children = (
				E9FB08352054C4B9000DFC05 /* DCBorderedTextField.swift */,
				E9FB08362054C4B9000DFC05 /* DCMandatoryEmailTextField.swift */,
				E9FB08372054C4B9000DFC05 /* DCMandatoryTextField.swift */,
				E9FB08382054C4B9000DFC05 /* DCMandatoryNumberTextField.swift */,
				E9FB08392054C4B9000DFC05 /* DCPickerTextField.swift */,
				E9FB083A2054C4B9000DFC05 /* DCBaseTextField.swift */,
			);
			path = UITextFields;
			sourceTree = "<group>";
		};
		E9FB083B2054C4B9000DFC05 /* UIButtons */ = {
			isa = PBXGroup;
			children = (
				E9FB083C2054C4B9000DFC05 /* DCBorderedButton.swift */,
				E9FB083D2054C4B9000DFC05 /* DCRoundedButton.swift */,
				E9FB083E2054C4B9000DFC05 /* DCBaseButton.swift */,
			);
			path = UIButtons;
			sourceTree = "<group>";
		};
		E9FB083F2054C4B9000DFC05 /* UITextViews */ = {
			isa = PBXGroup;
			children = (
				E9FB08402054C4B9000DFC05 /* DCPlaceholderTextView.swift */,
				E9FB08412054C4B9000DFC05 /* DCBaseTextView.swift */,
				E9FB08422054C4B9000DFC05 /* DCBorderedTextView.swift */,
			);
			path = UITextViews;
			sourceTree = "<group>";
		};
		E9FB08442054C4B9000DFC05 /* UIViews */ = {
			isa = PBXGroup;
			children = (
				E9FB08452054C4B9000DFC05 /* DCBorderedView.swift */,
				E9FB08462054C4B9000DFC05 /* DCBaseView.swift */,
				E9FB08472054C4B9000DFC05 /* DCHairlineView.swift */,
				E9FB08482054C4B9000DFC05 /* DCCircleView.swift */,
				E9FB08492054C4B9000DFC05 /* DCDashedBorderedView.swift */,
			);
			path = UIViews;
			sourceTree = "<group>";
		};
		E9FB084A2054C4B9000DFC05 /* UILabels */ = {
			isa = PBXGroup;
			children = (
				E9FB084B2054C4B9000DFC05 /* DCBaseLabel.swift */,
			);
			path = UILabels;
			sourceTree = "<group>";
		};
/* End PBXGroup section */

/* Begin PBXNativeTarget section */
		E9CB6BDC204FA07D00AD4E97 /* Drinkapedia */ = {
			isa = PBXNativeTarget;
			buildConfigurationList = E9CB6C07204FA07D00AD4E97 /* Build configuration list for PBXNativeTarget "Drinkapedia" */;
			buildPhases = (
				E9CB6BD9204FA07D00AD4E97 /* Sources */,
				E9CB6BDA204FA07D00AD4E97 /* Frameworks */,
				E9CB6BDB204FA07D00AD4E97 /* Resources */,
			);
			buildRules = (
			);
			dependencies = (
			);
			name = Drinkapedia;
			productName = Drinkapedia;
			productReference = E9CB6BDD204FA07D00AD4E97 /* Drinkapedia.app */;
			productType = "com.apple.product-type.application";
		};
		E9CB6BF2204FA07D00AD4E97 /* DrinkapediaTests */ = {
			isa = PBXNativeTarget;
			buildConfigurationList = E9CB6C0A204FA07D00AD4E97 /* Build configuration list for PBXNativeTarget "DrinkapediaTests" */;
			buildPhases = (
				E9CB6BEF204FA07D00AD4E97 /* Sources */,
				E9CB6BF0204FA07D00AD4E97 /* Frameworks */,
				E9CB6BF1204FA07D00AD4E97 /* Resources */,
			);
			buildRules = (
			);
			dependencies = (
				E9CB6BF5204FA07D00AD4E97 /* PBXTargetDependency */,
			);
			name = DrinkapediaTests;
			productName = DrinkapediaTests;
			productReference = E9CB6BF3204FA07D00AD4E97 /* DrinkapediaTests.xctest */;
			productType = "com.apple.product-type.bundle.unit-test";
		};
		E9CB6BFD204FA07D00AD4E97 /* DrinkapediaUITests */ = {
			isa = PBXNativeTarget;
			buildConfigurationList = E9CB6C0D204FA07D00AD4E97 /* Build configuration list for PBXNativeTarget "DrinkapediaUITests" */;
			buildPhases = (
				E9CB6BFA204FA07D00AD4E97 /* Sources */,
				E9CB6BFB204FA07D00AD4E97 /* Frameworks */,
				E9CB6BFC204FA07D00AD4E97 /* Resources */,
			);
			buildRules = (
			);
			dependencies = (
				E9CB6C00204FA07D00AD4E97 /* PBXTargetDependency */,
			);
			name = DrinkapediaUITests;
			productName = DrinkapediaUITests;
			productReference = E9CB6BFE204FA07D00AD4E97 /* DrinkapediaUITests.xctest */;
			productType = "com.apple.product-type.bundle.ui-testing";
		};
/* End PBXNativeTarget section */

/* Begin PBXProject section */
		E9CB6BD5204FA07C00AD4E97 /* Project object */ = {
			isa = PBXProject;
			attributes = {
				LastSwiftUpdateCheck = 0920;
				LastUpgradeCheck = 0920;
				ORGANIZATIONNAME = "Advith Chegu";
				TargetAttributes = {
					E9CB6BDC204FA07D00AD4E97 = {
						CreatedOnToolsVersion = 9.2;
						ProvisioningStyle = Automatic;
					};
					E9CB6BF2204FA07D00AD4E97 = {
						CreatedOnToolsVersion = 9.2;
						ProvisioningStyle = Automatic;
						TestTargetID = E9CB6BDC204FA07D00AD4E97;
					};
					E9CB6BFD204FA07D00AD4E97 = {
						CreatedOnToolsVersion = 9.2;
						ProvisioningStyle = Automatic;
						TestTargetID = E9CB6BDC204FA07D00AD4E97;
					};
				};
			};
			buildConfigurationList = E9CB6BD8204FA07C00AD4E97 /* Build configuration list for PBXProject "Drinkapedia" */;
			compatibilityVersion = "Xcode 8.0";
			developmentRegion = en;
			hasScannedForEncodings = 0;
			knownRegions = (
				en,
				Base,
			);
			mainGroup = E9CB6BD4204FA07C00AD4E97;
			productRefGroup = E9CB6BDE204FA07D00AD4E97 /* Products */;
			projectDirPath = "";
			projectRoot = "";
			targets = (
				E9CB6BDC204FA07D00AD4E97 /* Drinkapedia */,
				E9CB6BF2204FA07D00AD4E97 /* DrinkapediaTests */,
				E9CB6BFD204FA07D00AD4E97 /* DrinkapediaUITests */,
			);
		};
/* End PBXProject section */

/* Begin PBXResourcesBuildPhase section */
		E9CB6BDB204FA07D00AD4E97 /* Resources */ = {
			isa = PBXResourcesBuildPhase;
			buildActionMask = 2147483647;
			files = (
				E9FB085F2054C4BA000DFC05 /* Info.plist in Resources */,
				E9CB6BED204FA07D00AD4E97 /* LaunchScreen.storyboard in Resources */,
				E9CB6BEA204FA07D00AD4E97 /* Assets.xcassets in Resources */,
				E9CB6BE8204FA07D00AD4E97 /* Main.storyboard in Resources */,
			);
			runOnlyForDeploymentPostprocessing = 0;
		};
		E9CB6BF1204FA07D00AD4E97 /* Resources */ = {
			isa = PBXResourcesBuildPhase;
			buildActionMask = 2147483647;
			files = (
			);
			runOnlyForDeploymentPostprocessing = 0;
		};
		E9CB6BFC204FA07D00AD4E97 /* Resources */ = {
			isa = PBXResourcesBuildPhase;
			buildActionMask = 2147483647;
			files = (
			);
			runOnlyForDeploymentPostprocessing = 0;
		};
/* End PBXResourcesBuildPhase section */

/* Begin PBXSourcesBuildPhase section */
		E9CB6BD9204FA07D00AD4E97 /* Sources */ = {
			isa = PBXSourcesBuildPhase;
			buildActionMask = 2147483647;
			files = (
				E9FB08562054C4BA000DFC05 /* DCPlaceholderTextView.swift in Sources */,
				E9FB08582054C4BA000DFC05 /* DCBorderedTextView.swift in Sources */,
				E925A58B2051CAEA00069F61 /* drinkinfo.swift in Sources */,
				E9FB084E2054C4BA000DFC05 /* DCMandatoryEmailTextField.swift in Sources */,
				E9FB085A2054C4BA000DFC05 /* DCBaseView.swift in Sources */,
				E9FB085D2054C4BA000DFC05 /* DCDashedBorderedView.swift in Sources */,
				E9FB085E2054C4BA000DFC05 /* DCBaseLabel.swift in Sources */,
				E9FB08512054C4BA000DFC05 /* DCPickerTextField.swift in Sources */,
				E9FB08522054C4BA000DFC05 /* DCBaseTextField.swift in Sources */,
				E9FB08532054C4BA000DFC05 /* DCBorderedButton.swift in Sources */,
				E9CB6BE5204FA07D00AD4E97 /* SecondViewController.swift in Sources */,
				E9FB08552054C4BA000DFC05 /* DCBaseButton.swift in Sources */,
				E9FB084D2054C4BA000DFC05 /* DCBorderedTextField.swift in Sources */,
				E9CB6BE1204FA07D00AD4E97 /* AppDelegate.swift in Sources */,
				E9FB08542054C4BA000DFC05 /* DCRoundedButton.swift in Sources */,
				E9FB085B2054C4BA000DFC05 /* DCHairlineView.swift in Sources */,
				E9CB6C15204FAD9300AD4E97 /* ThirdViewController.swift in Sources */,
				E9CB6BE3204FA07D00AD4E97 /* FirstViewController.swift in Sources */,
				E9FB08572054C4BA000DFC05 /* DCBaseTextView.swift in Sources */,
				E9FB08592054C4BA000DFC05 /* DCBorderedView.swift in Sources */,
				E9FB084F2054C4BA000DFC05 /* DCMandatoryTextField.swift in Sources */,
				E9FB08502054C4BA000DFC05 /* DCMandatoryNumberTextField.swift in Sources */,
				E9CB6C17204FADD100AD4E97 /* FourthViewController.swift in Sources */,
				E9FB085C2054C4BA000DFC05 /* DCCircleView.swift in Sources */,
			);
			runOnlyForDeploymentPostprocessing = 0;
		};
		E9CB6BEF204FA07D00AD4E97 /* Sources */ = {
			isa = PBXSourcesBuildPhase;
			buildActionMask = 2147483647;
			files = (
				E9CB6BF8204FA07D00AD4E97 /* DrinkapediaTests.swift in Sources */,
			);
			runOnlyForDeploymentPostprocessing = 0;
		};
		E9CB6BFA204FA07D00AD4E97 /* Sources */ = {
			isa = PBXSourcesBuildPhase;
			buildActionMask = 2147483647;
			files = (
				E9CB6C03204FA07D00AD4E97 /* DrinkapediaUITests.swift in Sources */,
			);
			runOnlyForDeploymentPostprocessing = 0;
		};
/* End PBXSourcesBuildPhase section */

/* Begin PBXTargetDependency section */
		E9CB6BF5204FA07D00AD4E97 /* PBXTargetDependency */ = {
			isa = PBXTargetDependency;
			target = E9CB6BDC204FA07D00AD4E97 /* Drinkapedia */;
			targetProxy = E9CB6BF4204FA07D00AD4E97 /* PBXContainerItemProxy */;
		};
		E9CB6C00204FA07D00AD4E97 /* PBXTargetDependency */ = {
			isa = PBXTargetDependency;
			target = E9CB6BDC204FA07D00AD4E97 /* Drinkapedia */;
			targetProxy = E9CB6BFF204FA07D00AD4E97 /* PBXContainerItemProxy */;
		};
/* End PBXTargetDependency section */

/* Begin PBXVariantGroup section */
		E9CB6BE6204FA07D00AD4E97 /* Main.storyboard */ = {
			isa = PBXVariantGroup;
			children = (
				E9CB6BE7204FA07D00AD4E97 /* Base */,
			);
			name = Main.storyboard;
			sourceTree = "<group>";
		};
		E9CB6BEB204FA07D00AD4E97 /* LaunchScreen.storyboard */ = {
			isa = PBXVariantGroup;
			children = (
				E9CB6BEC204FA07D00AD4E97 /* Base */,
			);
			name = LaunchScreen.storyboard;
			sourceTree = "<group>";
		};
/* End PBXVariantGroup section */

/* Begin XCBuildConfiguration section */
		E9CB6C05204FA07D00AD4E97 /* Debug */ = {
			isa = XCBuildConfiguration;
			buildSettings = {
				ALWAYS_SEARCH_USER_PATHS = NO;
				CLANG_ANALYZER_NONNULL = YES;
				CLANG_ANALYZER_NUMBER_OBJECT_CONVERSION = YES_AGGRESSIVE;
				CLANG_CXX_LANGUAGE_STANDARD = "gnu++14";
				CLANG_CXX_LIBRARY = "libc++";
				CLANG_ENABLE_MODULES = YES;
				CLANG_ENABLE_OBJC_ARC = YES;
				CLANG_WARN_BLOCK_CAPTURE_AUTORELEASING = YES;
				CLANG_WARN_BOOL_CONVERSION = YES;
				CLANG_WARN_COMMA = YES;
				CLANG_WARN_CONSTANT_CONVERSION = YES;
				CLANG_WARN_DIRECT_OBJC_ISA_USAGE = YES_ERROR;
				CLANG_WARN_DOCUMENTATION_COMMENTS = YES;
				CLANG_WARN_EMPTY_BODY = YES;
				CLANG_WARN_ENUM_CONVERSION = YES;
				CLANG_WARN_INFINITE_RECURSION = YES;
				CLANG_WARN_INT_CONVERSION = YES;
				CLANG_WARN_NON_LITERAL_NULL_CONVERSION = YES;
				CLANG_WARN_OBJC_LITERAL_CONVERSION = YES;
				CLANG_WARN_OBJC_ROOT_CLASS = YES_ERROR;
				CLANG_WARN_RANGE_LOOP_ANALYSIS = YES;
				CLANG_WARN_STRICT_PROTOTYPES = YES;
				CLANG_WARN_SUSPICIOUS_MOVE = YES;
				CLANG_WARN_UNGUARDED_AVAILABILITY = YES_AGGRESSIVE;
				CLANG_WARN_UNREACHABLE_CODE = YES;
				CLANG_WARN__DUPLICATE_METHOD_MATCH = YES;
				CODE_SIGN_IDENTITY = "iPhone Developer";
				COPY_PHASE_STRIP = NO;
				DEBUG_INFORMATION_FORMAT = dwarf;
				ENABLE_STRICT_OBJC_MSGSEND = YES;
				ENABLE_TESTABILITY = YES;
				GCC_C_LANGUAGE_STANDARD = gnu11;
				GCC_DYNAMIC_NO_PIC = NO;
				GCC_NO_COMMON_BLOCKS = YES;
				GCC_OPTIMIZATION_LEVEL = 0;
				GCC_PREPROCESSOR_DEFINITIONS = (
					"DEBUG=1",
					"$(inherited)",
				);
				GCC_WARN_64_TO_32_BIT_CONVERSION = YES;
				GCC_WARN_ABOUT_RETURN_TYPE = YES_ERROR;
				GCC_WARN_UNDECLARED_SELECTOR = YES;
				GCC_WARN_UNINITIALIZED_AUTOS = YES_AGGRESSIVE;
				GCC_WARN_UNUSED_FUNCTION = YES;
				GCC_WARN_UNUSED_VARIABLE = YES;
				IPHONEOS_DEPLOYMENT_TARGET = 11.2;
				MTL_ENABLE_DEBUG_INFO = YES;
				ONLY_ACTIVE_ARCH = YES;
				SDKROOT = iphoneos;
				SWIFT_ACTIVE_COMPILATION_CONDITIONS = DEBUG;
				SWIFT_OPTIMIZATION_LEVEL = "-Onone";
			};
			name = Debug;
		};
		E9CB6C06204FA07D00AD4E97 /* Release */ = {
			isa = XCBuildConfiguration;
			buildSettings = {
				ALWAYS_SEARCH_USER_PATHS = NO;
				CLANG_ANALYZER_NONNULL = YES;
				CLANG_ANALYZER_NUMBER_OBJECT_CONVERSION = YES_AGGRESSIVE;
				CLANG_CXX_LANGUAGE_STANDARD = "gnu++14";
				CLANG_CXX_LIBRARY = "libc++";
				CLANG_ENABLE_MODULES = YES;
				CLANG_ENABLE_OBJC_ARC = YES;
				CLANG_WARN_BLOCK_CAPTURE_AUTORELEASING = YES;
				CLANG_WARN_BOOL_CONVERSION = YES;
				CLANG_WARN_COMMA = YES;
				CLANG_WARN_CONSTANT_CONVERSION = YES;
				CLANG_WARN_DIRECT_OBJC_ISA_USAGE = YES_ERROR;
				CLANG_WARN_DOCUMENTATION_COMMENTS = YES;
				CLANG_WARN_EMPTY_BODY = YES;
				CLANG_WARN_ENUM_CONVERSION = YES;
				CLANG_WARN_INFINITE_RECURSION = YES;
				CLANG_WARN_INT_CONVERSION = YES;
				CLANG_WARN_NON_LITERAL_NULL_CONVERSION = YES;
				CLANG_WARN_OBJC_LITERAL_CONVERSION = YES;
				CLANG_WARN_OBJC_ROOT_CLASS = YES_ERROR;
				CLANG_WARN_RANGE_LOOP_ANALYSIS = YES;
				CLANG_WARN_STRICT_PROTOTYPES = YES;
				CLANG_WARN_SUSPICIOUS_MOVE = YES;
				CLANG_WARN_UNGUARDED_AVAILABILITY = YES_AGGRESSIVE;
				CLANG_WARN_UNREACHABLE_CODE = YES;
				CLANG_WARN__DUPLICATE_METHOD_MATCH = YES;
				CODE_SIGN_IDENTITY = "iPhone Developer";
				COPY_PHASE_STRIP = NO;
				DEBUG_INFORMATION_FORMAT = "dwarf-with-dsym";
				ENABLE_NS_ASSERTIONS = NO;
				ENABLE_STRICT_OBJC_MSGSEND = YES;
				GCC_C_LANGUAGE_STANDARD = gnu11;
				GCC_NO_COMMON_BLOCKS = YES;
				GCC_WARN_64_TO_32_BIT_CONVERSION = YES;
				GCC_WARN_ABOUT_RETURN_TYPE = YES_ERROR;
				GCC_WARN_UNDECLARED_SELECTOR = YES;
				GCC_WARN_UNINITIALIZED_AUTOS = YES_AGGRESSIVE;
				GCC_WARN_UNUSED_FUNCTION = YES;
				GCC_WARN_UNUSED_VARIABLE = YES;
				IPHONEOS_DEPLOYMENT_TARGET = 11.2;
				MTL_ENABLE_DEBUG_INFO = NO;
				SDKROOT = iphoneos;
				SWIFT_OPTIMIZATION_LEVEL = "-Owholemodule";
				VALIDATE_PRODUCT = YES;
			};
			name = Release;
		};
		E9CB6C08204FA07D00AD4E97 /* Debug */ = {
			isa = XCBuildConfiguration;
			buildSettings = {
				ASSETCATALOG_COMPILER_APPICON_NAME = AppIcon;
				CODE_SIGN_STYLE = Automatic;
				DEVELOPMENT_TEAM = HRJYL8JSZ8;
				INFOPLIST_FILE = Drinkapedia/Info.plist;
				LD_RUNPATH_SEARCH_PATHS = "$(inherited) @executable_path/Frameworks";
				PRODUCT_BUNDLE_IDENTIFIER = drinkapedia.tech.Drinkapedia;
				PRODUCT_NAME = "$(TARGET_NAME)";
				SWIFT_VERSION = 4.0;
				TARGETED_DEVICE_FAMILY = "1,2";
			};
			name = Debug;
		};
		E9CB6C09204FA07D00AD4E97 /* Release */ = {
			isa = XCBuildConfiguration;
			buildSettings = {
				ASSETCATALOG_COMPILER_APPICON_NAME = AppIcon;
				CODE_SIGN_STYLE = Automatic;
				DEVELOPMENT_TEAM = HRJYL8JSZ8;
				INFOPLIST_FILE = Drinkapedia/Info.plist;
				LD_RUNPATH_SEARCH_PATHS = "$(inherited) @executable_path/Frameworks";
				PRODUCT_BUNDLE_IDENTIFIER = drinkapedia.tech.Drinkapedia;
				PRODUCT_NAME = "$(TARGET_NAME)";
				SWIFT_VERSION = 4.0;
				TARGETED_DEVICE_FAMILY = "1,2";
			};
			name = Release;
		};
		E9CB6C0B204FA07D00AD4E97 /* Debug */ = {
			isa = XCBuildConfiguration;
			buildSettings = {
				ALWAYS_EMBED_SWIFT_STANDARD_LIBRARIES = YES;
				BUNDLE_LOADER = "$(TEST_HOST)";
				CODE_SIGN_STYLE = Automatic;
				DEVELOPMENT_TEAM = HRJYL8JSZ8;
				INFOPLIST_FILE = DrinkapediaTests/Info.plist;
				LD_RUNPATH_SEARCH_PATHS = "$(inherited) @executable_path/Frameworks @loader_path/Frameworks";
				PRODUCT_BUNDLE_IDENTIFIER = drinkapedia.tech.DrinkapediaTests;
				PRODUCT_NAME = "$(TARGET_NAME)";
				SWIFT_VERSION = 4.0;
				TARGETED_DEVICE_FAMILY = "1,2";
				TEST_HOST = "$(BUILT_PRODUCTS_DIR)/Drinkapedia.app/Drinkapedia";
			};
			name = Debug;
		};
		E9CB6C0C204FA07D00AD4E97 /* Release */ = {
			isa = XCBuildConfiguration;
			buildSettings = {
				ALWAYS_EMBED_SWIFT_STANDARD_LIBRARIES = YES;
				BUNDLE_LOADER = "$(TEST_HOST)";
				CODE_SIGN_STYLE = Automatic;
				DEVELOPMENT_TEAM = HRJYL8JSZ8;
				INFOPLIST_FILE = DrinkapediaTests/Info.plist;
				LD_RUNPATH_SEARCH_PATHS = "$(inherited) @executable_path/Frameworks @loader_path/Frameworks";
				PRODUCT_BUNDLE_IDENTIFIER = drinkapedia.tech.DrinkapediaTests;
				PRODUCT_NAME = "$(TARGET_NAME)";
				SWIFT_VERSION = 4.0;
				TARGETED_DEVICE_FAMILY = "1,2";
				TEST_HOST = "$(BUILT_PRODUCTS_DIR)/Drinkapedia.app/Drinkapedia";
			};
			name = Release;
		};
		E9CB6C0E204FA07D00AD4E97 /* Debug */ = {
			isa = XCBuildConfiguration;
			buildSettings = {
				ALWAYS_EMBED_SWIFT_STANDARD_LIBRARIES = YES;
				CODE_SIGN_STYLE = Automatic;
				DEVELOPMENT_TEAM = HRJYL8JSZ8;
				INFOPLIST_FILE = DrinkapediaUITests/Info.plist;
				LD_RUNPATH_SEARCH_PATHS = "$(inherited) @executable_path/Frameworks @loader_path/Frameworks";
				PRODUCT_BUNDLE_IDENTIFIER = drinkapedia.tech.DrinkapediaUITests;
				PRODUCT_NAME = "$(TARGET_NAME)";
				SWIFT_VERSION = 4.0;
				TARGETED_DEVICE_FAMILY = "1,2";
				TEST_TARGET_NAME = Drinkapedia;
			};
			name = Debug;
		};
		E9CB6C0F204FA07D00AD4E97 /* Release */ = {
			isa = XCBuildConfiguration;
			buildSettings = {
				ALWAYS_EMBED_SWIFT_STANDARD_LIBRARIES = YES;
				CODE_SIGN_STYLE = Automatic;
				DEVELOPMENT_TEAM = HRJYL8JSZ8;
				INFOPLIST_FILE = DrinkapediaUITests/Info.plist;
				LD_RUNPATH_SEARCH_PATHS = "$(inherited) @executable_path/Frameworks @loader_path/Frameworks";
				PRODUCT_BUNDLE_IDENTIFIER = drinkapedia.tech.DrinkapediaUITests;
				PRODUCT_NAME = "$(TARGET_NAME)";
				SWIFT_VERSION = 4.0;
				TARGETED_DEVICE_FAMILY = "1,2";
				TEST_TARGET_NAME = Drinkapedia;
			};
			name = Release;
		};
/* End XCBuildConfiguration section */

/* Begin XCConfigurationList section */
		E9CB6BD8204FA07C00AD4E97 /* Build configuration list for PBXProject "Drinkapedia" */ = {
			isa = XCConfigurationList;
			buildConfigurations = (
				E9CB6C05204FA07D00AD4E97 /* Debug */,
				E9CB6C06204FA07D00AD4E97 /* Release */,
			);
			defaultConfigurationIsVisible = 0;
			defaultConfigurationName = Release;
		};
		E9CB6C07204FA07D00AD4E97 /* Build configuration list for PBXNativeTarget "Drinkapedia" */ = {
			isa = XCConfigurationList;
			buildConfigurations = (
				E9CB6C08204FA07D00AD4E97 /* Debug */,
				E9CB6C09204FA07D00AD4E97 /* Release */,
			);
			defaultConfigurationIsVisible = 0;
			defaultConfigurationName = Release;
		};
		E9CB6C0A204FA07D00AD4E97 /* Build configuration list for PBXNativeTarget "DrinkapediaTests" */ = {
			isa = XCConfigurationList;
			buildConfigurations = (
				E9CB6C0B204FA07D00AD4E97 /* Debug */,
				E9CB6C0C204FA07D00AD4E97 /* Release */,
			);
			defaultConfigurationIsVisible = 0;
			defaultConfigurationName = Release;
		};
		E9CB6C0D204FA07D00AD4E97 /* Build configuration list for PBXNativeTarget "DrinkapediaUITests" */ = {
			isa = XCConfigurationList;
			buildConfigurations = (
				E9CB6C0E204FA07D00AD4E97 /* Debug */,
				E9CB6C0F204FA07D00AD4E97 /* Release */,
			);
			defaultConfigurationIsVisible = 0;
			defaultConfigurationName = Release;
		};
/* End XCConfigurationList section */
	};
	rootObject = E9CB6BD5204FA07C00AD4E97 /* Project object */;
}
